
Microsoft Visual Studio Solution File, Format Version 12.00
# Visual Studio Version 16
VisualStudioVersion = 16.0.29025.244
MinimumVisualStudioVersion = 10.0.40219.1
Project("{9A19103F-16F7-4668-BE54-9A1E7A4F7556}") = "EverCoach.Api", "src\services\EverCoach\EverCoach.Api.csproj", "{E0AF9DB5-0CA1-4423-8B13-47D9888215A7}"
EndProject
Project("{9A19103F-16F7-4668-BE54-9A1E7A4F7556}") = "EverCoach.Domain", "src\services\EverCoach.Domain\EverCoach.Domain.csproj", "{82470259-9427-4F78-A132-945B8211C3FF}"
EndProject
Project("{9A19103F-16F7-4668-BE54-9A1E7A4F7556}") = "EverCoach.Infrastructure", "src\services\EverCoach.Infrastructure\EverCoach.Infrastructure.csproj", "{784643D5-E1E1-4519-B7B8-AC33D680DD59}"
EndProject
Project("{2150E333-8FDC-42A3-9474-1A3956D46DE8}") = "shared", "shared", "{099F2142-213D-4EB7-BA69-F76060B015BC}"
EndProject
Project("{9A19103F-16F7-4668-BE54-9A1E7A4F7556}") = "Dgm.Core", "src\Dgm.Core\Dgm.Core.csproj", "{FD3B5C8F-F509-47CC-A546-9F453072CBCA}"
EndProject
Project("{2150E333-8FDC-42A3-9474-1A3956D46DE8}") = "services", "services", "{1CD1DA68-CF50-49C9-8714-41FD311D21A3}"
EndProject
Project("{2150E333-8FDC-42A3-9474-1A3956D46DE8}") = "coaches", "coaches", "{10DCF9F6-EFF1-4C84-8514-2E031D80E030}"
EndProject
Project("{E53339B2-1760-4266-BCC7-CA923CBCF16C}") = "docker-compose", "docker-compose.dcproj", "{F47867FF-EBF2-4468-BB44-EF325F3580C7}"
EndProject
Project("{9A19103F-16F7-4668-BE54-9A1E7A4F7556}") = "ApiGateway", "src\ApiGateway\ApiGateway.csproj", "{EA08226E-F22E-46DA-9547-ED52DCDFF7BF}"
EndProject
Project("{2150E333-8FDC-42A3-9474-1A3956D46DE8}") = "src", "src", "{7E4F705D-26CC-4E7B-8787-49AE1D20A2B9}"
EndProject
Project("{2150E333-8FDC-42A3-9474-1A3956D46DE8}") = "apigateways", "apigateways", "{11C15CB8-82DF-4E1A-85DC-6E3E1C01A3D0}"
EndProject
Project("{9A19103F-16F7-4668-BE54-9A1E7A4F7556}") = "EventBus", "..\..\..\DOMAINDRIVENDESIGN\est-backend\src\building-blocks\EventBus\EventBus.csproj", "{FA65E065-F452-41E6-AE88-B6CA7AD32B68}"
EndProject
Project("{2150E333-8FDC-42A3-9474-1A3956D46DE8}") = "building-blocks", "building-blocks", "{E323A4B2-03A5-492C-994F-EA2300EC0C97}"
EndProject
Project("{9A19103F-16F7-4668-BE54-9A1E7A4F7556}") = "SimpleTaskQueue", "..\..\..\DOMAINDRIVENDESIGN\est-backend\src\building-blocks\SimpleTaskQueue\SimpleTaskQueue.csproj", "{8C28AAC6-09A0-4C3D-A1E6-85ADB59AC37C}"
EndProject
Project("{9A19103F-16F7-4668-BE54-9A1E7A4F7556}") = "WebHost.Customization", "..\..\..\DOMAINDRIVENDESIGN\est-backend\src\building-blocks\WebHost.Customization\WebHost.Customization.csproj", "{28CAD7FA-8D49-4A2E-91FC-39B38DF93603}"
EndProject
Global
	GlobalSection(SolutionConfigurationPlatforms) = preSolution
		Debug|Any CPU = Debug|Any CPU
		Release|Any CPU = Release|Any CPU
	EndGlobalSection
	GlobalSection(ProjectConfigurationPlatforms) = postSolution
		{E0AF9DB5-0CA1-4423-8B13-47D9888215A7}.Debug|Any CPU.ActiveCfg = Debug|Any CPU
		{E0AF9DB5-0CA1-4423-8B13-47D9888215A7}.Debug|Any CPU.Build.0 = Debug|Any CPU
		{E0AF9DB5-0CA1-4423-8B13-47D9888215A7}.Release|Any CPU.ActiveCfg = Release|Any CPU
		{E0AF9DB5-0CA1-4423-8B13-47D9888215A7}.Release|Any CPU.Build.0 = Release|Any CPU
		{82470259-9427-4F78-A132-945B8211C3FF}.Debug|Any CPU.ActiveCfg = Debug|Any CPU
		{82470259-9427-4F78-A132-945B8211C3FF}.Debug|Any CPU.Build.0 = Debug|Any CPU
		{82470259-9427-4F78-A132-945B8211C3FF}.Release|Any CPU.ActiveCfg = Release|Any CPU
		{82470259-9427-4F78-A132-945B8211C3FF}.Release|Any CPU.Build.0 = Release|Any CPU
		{784643D5-E1E1-4519-B7B8-AC33D680DD59}.Debug|Any CPU.ActiveCfg = Debug|Any CPU
		{784643D5-E1E1-4519-B7B8-AC33D680DD59}.Debug|Any CPU.Build.0 = Debug|Any CPU
		{784643D5-E1E1-4519-B7B8-AC33D680DD59}.Release|Any CPU.ActiveCfg = Release|Any CPU
		{784643D5-E1E1-4519-B7B8-AC33D680DD59}.Release|Any CPU.Build.0 = Release|Any CPU
		{FD3B5C8F-F509-47CC-A546-9F453072CBCA}.Debug|Any CPU.ActiveCfg = Debug|Any CPU
		{FD3B5C8F-F509-47CC-A546-9F453072CBCA}.Debug|Any CPU.Build.0 = Debug|Any CPU
		{FD3B5C8F-F509-47CC-A546-9F453072CBCA}.Release|Any CPU.ActiveCfg = Release|Any CPU
		{FD3B5C8F-F509-47CC-A546-9F453072CBCA}.Release|Any CPU.Build.0 = Release|Any CPU
		{F47867FF-EBF2-4468-BB44-EF325F3580C7}.Debug|Any CPU.ActiveCfg = Debug|Any CPU
		{F47867FF-EBF2-4468-BB44-EF325F3580C7}.Debug|Any CPU.Build.0 = Debug|Any CPU
		{F47867FF-EBF2-4468-BB44-EF325F3580C7}.Release|Any CPU.ActiveCfg = Release|Any CPU
		{F47867FF-EBF2-4468-BB44-EF325F3580C7}.Release|Any CPU.Build.0 = Release|Any CPU
		{EA08226E-F22E-46DA-9547-ED52DCDFF7BF}.Debug|Any CPU.ActiveCfg = Debug|Any CPU
		{EA08226E-F22E-46DA-9547-ED52DCDFF7BF}.Debug|Any CPU.Build.0 = Debug|Any CPU
		{EA08226E-F22E-46DA-9547-ED52DCDFF7BF}.Release|Any CPU.ActiveCfg = Release|Any CPU
		{EA08226E-F22E-46DA-9547-ED52DCDFF7BF}.Release|Any CPU.Build.0 = Release|Any CPU
		{FA65E065-F452-41E6-AE88-B6CA7AD32B68}.Debug|Any CPU.ActiveCfg = Debug|Any CPU
		{FA65E065-F452-41E6-AE88-B6CA7AD32B68}.Debug|Any CPU.Build.0 = Debug|Any CPU
		{FA65E065-F452-41E6-AE88-B6CA7AD32B68}.Release|Any CPU.ActiveCfg = Release|Any CPU
		{FA65E065-F452-41E6-AE88-B6CA7AD32B68}.Release|Any CPU.Build.0 = Release|Any CPU
		{8C28AAC6-09A0-4C3D-A1E6-85ADB59AC37C}.Debug|Any CPU.ActiveCfg = Debug|Any CPU
		{8C28AAC6-09A0-4C3D-A1E6-85ADB59AC37C}.Debug|Any CPU.Build.0 = Debug|Any CPU
		{8C28AAC6-09A0-4C3D-A1E6-85ADB59AC37C}.Release|Any CPU.ActiveCfg = Release|Any CPU
		{8C28AAC6-09A0-4C3D-A1E6-85ADB59AC37C}.Release|Any CPU.Build.0 = Release|Any CPU
		{28CAD7FA-8D49-4A2E-91FC-39B38DF93603}.Debug|Any CPU.ActiveCfg = Debug|Any CPU
		{28CAD7FA-8D49-4A2E-91FC-39B38DF93603}.Debug|Any CPU.Build.0 = Debug|Any CPU
		{28CAD7FA-8D49-4A2E-91FC-39B38DF93603}.Release|Any CPU.ActiveCfg = Release|Any CPU
		{28CAD7FA-8D49-4A2E-91FC-39B38DF93603}.Release|Any CPU.Build.0 = Release|Any CPU
	EndGlobalSection
	GlobalSection(SolutionProperties) = preSolution
		HideSolutionNode = FALSE
	EndGlobalSection
	GlobalSection(NestedProjects) = preSolution
		{E0AF9DB5-0CA1-4423-8B13-47D9888215A7} = {10DCF9F6-EFF1-4C84-8514-2E031D80E030}
		{82470259-9427-4F78-A132-945B8211C3FF} = {10DCF9F6-EFF1-4C84-8514-2E031D80E030}
		{784643D5-E1E1-4519-B7B8-AC33D680DD59} = {10DCF9F6-EFF1-4C84-8514-2E031D80E030}
		{099F2142-213D-4EB7-BA69-F76060B015BC} = {7E4F705D-26CC-4E7B-8787-49AE1D20A2B9}
		{FD3B5C8F-F509-47CC-A546-9F453072CBCA} = {099F2142-213D-4EB7-BA69-F76060B015BC}
		{1CD1DA68-CF50-49C9-8714-41FD311D21A3} = {7E4F705D-26CC-4E7B-8787-49AE1D20A2B9}
		{10DCF9F6-EFF1-4C84-8514-2E031D80E030} = {1CD1DA68-CF50-49C9-8714-41FD311D21A3}
		{EA08226E-F22E-46DA-9547-ED52DCDFF7BF} = {11C15CB8-82DF-4E1A-85DC-6E3E1C01A3D0}
		{11C15CB8-82DF-4E1A-85DC-6E3E1C01A3D0} = {1CD1DA68-CF50-49C9-8714-41FD311D21A3}
		{FA65E065-F452-41E6-AE88-B6CA7AD32B68} = {E323A4B2-03A5-492C-994F-EA2300EC0C97}
		{E323A4B2-03A5-492C-994F-EA2300EC0C97} = {7E4F705D-26CC-4E7B-8787-49AE1D20A2B9}
		{8C28AAC6-09A0-4C3D-A1E6-85ADB59AC37C} = {E323A4B2-03A5-492C-994F-EA2300EC0C97}
		{28CAD7FA-8D49-4A2E-91FC-39B38DF93603} = {E323A4B2-03A5-492C-994F-EA2300EC0C97}
	EndGlobalSection
	GlobalSection(ExtensibilityGlobals) = postSolution
		SolutionGuid = {40E87901-6138-41AF-81BA-397623DF8F2D}
	EndGlobalSection
EndGlobal
